// !$*UTF8*$!
{
	archiveVersion = 1;
	classes = {
	};
	objectVersion = 56;
	objects = {

/* Begin PBXBuildFile section */
		1E9F570E29A67B9900E0CDCA /* settingApp.swift in Sources */ = {isa = PBXBuildFile; fileRef = 1E9F570D29A67B9900E0CDCA /* settingApp.swift */; };
		1E9F571029A67B9900E0CDCA /* ContentView.swift in Sources */ = {isa = PBXBuildFile; fileRef = 1E9F570F29A67B9900E0CDCA /* ContentView.swift */; };
		1E9F571229A67B9A00E0CDCA /* Assets.xcassets in Resources */ = {isa = PBXBuildFile; fileRef = 1E9F571129A67B9A00E0CDCA /* Assets.xcassets */; };
		1E9F571529A67B9A00E0CDCA /* Preview Assets.xcassets in Resources */ = {isa = PBXBuildFile; fileRef = 1E9F571429A67B9A00E0CDCA /* Preview Assets.xcassets */; };
		1E9F571F29A67B9A00E0CDCA /* settingTests.swift in Sources */ = {isa = PBXBuildFile; fileRef = 1E9F571E29A67B9A00E0CDCA /* settingTests.swift */; };
		1E9F572929A67B9A00E0CDCA /* settingUITests.swift in Sources */ = {isa = PBXBuildFile; fileRef = 1E9F572829A67B9A00E0CDCA /* settingUITests.swift */; };
		1E9F572B29A67B9A00E0CDCA /* settingUITestsLaunchTests.swift in Sources */ = {isa = PBXBuildFile; fileRef = 1E9F572A29A67B9A00E0CDCA /* settingUITestsLaunchTests.swift */; };
/* End PBXBuildFile section */

/* Begin PBXContainerItemProxy section */
		1E9F571B29A67B9A00E0CDCA /* PBXContainerItemProxy */ = {
			isa = PBXContainerItemProxy;
			containerPortal = 1E9F570229A67B9900E0CDCA /* Project object */;
			proxyType = 1;
			remoteGlobalIDString = 1E9F570929A67B9900E0CDCA;
			remoteInfo = setting;
		};
		1E9F572529A67B9A00E0CDCA /* PBXContainerItemProxy */ = {
			isa = PBXContainerItemProxy;
			containerPortal = 1E9F570229A67B9900E0CDCA /* Project object */;
			proxyType = 1;
			remoteGlobalIDString = 1E9F570929A67B9900E0CDCA;
			remoteInfo = setting;
		};
/* End PBXContainerItemProxy section */

/* Begin PBXFileReference section */
		1E9F570A29A67B9900E0CDCA /* setting.app */ = {isa = PBXFileReference; explicitFileType = wrapper.application; includeInIndex = 0; path = setting.app; sourceTree = BUILT_PRODUCTS_DIR; };
		1E9F570D29A67B9900E0CDCA /* settingApp.swift */ = {isa = PBXFileReference; lastKnownFileType = sourcecode.swift; path = settingApp.swift; sourceTree = "<group>"; };
		1E9F570F29A67B9900E0CDCA /* ContentView.swift */ = {isa = PBXFileReference; lastKnownFileType = sourcecode.swift; path = ContentView.swift; sourceTree = "<group>"; };
		1E9F571129A67B9A00E0CDCA /* Assets.xcassets */ = {isa = PBXFileReference; lastKnownFileType = folder.assetcatalog; path = Assets.xcassets; sourceTree = "<group>"; };
		1E9F571429A67B9A00E0CDCA /* Preview Assets.xcassets */ = {isa = PBXFileReference; lastKnownFileType = folder.assetcatalog; path = "Preview Assets.xcassets"; sourceTree = "<group>"; };
		1E9F571A29A67B9A00E0CDCA /* settingTests.xctest */ = {isa = PBXFileReference; explicitFileType = wrapper.cfbundle; includeInIndex = 0; path = settingTests.xctest; sourceTree = BUILT_PRODUCTS_DIR; };
		1E9F571E29A67B9A00E0CDCA /* settingTests.swift */ = {isa = PBXFileReference; lastKnownFileType = sourcecode.swift; path = settingTests.swift; sourceTree = "<group>"; };
		1E9F572429A67B9A00E0CDCA /* settingUITests.xctest */ = {isa = PBXFileReference; explicitFileType = wrapper.cfbundle; includeInIndex = 0; path = settingUITests.xctest; sourceTree = BUILT_PRODUCTS_DIR; };
		1E9F572829A67B9A00E0CDCA /* settingUITests.swift */ = {isa = PBXFileReference; lastKnownFileType = sourcecode.swift; path = settingUITests.swift; sourceTree = "<group>"; };
		1E9F572A29A67B9A00E0CDCA /* settingUITestsLaunchTests.swift */ = {isa = PBXFileReference; lastKnownFileType = sourcecode.swift; path = settingUITestsLaunchTests.swift; sourceTree = "<group>"; };
/* End PBXFileReference section */

/* Begin PBXFrameworksBuildPhase section */
		1E9F570729A67B9900E0CDCA /* Frameworks */ = {
			isa = PBXFrameworksBuildPhase;
			buildActionMask = 2147483647;
			files = (
			);
			runOnlyForDeploymentPostprocessing = 0;
		};
		1E9F571729A67B9A00E0CDCA /* Frameworks */ = {
			isa = PBXFrameworksBuildPhase;
			buildActionMask = 2147483647;
			files = (
			);
			runOnlyForDeploymentPostprocessing = 0;
		};
		1E9F572129A67B9A00E0CDCA /* Frameworks */ = {
			isa = PBXFrameworksBuildPhase;
			buildActionMask = 2147483647;
			files = (
			);
			runOnlyForDeploymentPostprocessing = 0;
		};
/* End PBXFrameworksBuildPhase section */

/* Begin PBXGroup section */
		1E9F570129A67B9900E0CDCA = {
			isa = PBXGroup;
			children = (
				1E9F570C29A67B9900E0CDCA /* setting */,
				1E9F571D29A67B9A00E0CDCA /* settingTests */,
				1E9F572729A67B9A00E0CDCA /* settingUITests */,
				1E9F570B29A67B9900E0CDCA /* Products */,
			);
			sourceTree = "<group>";
		};
		1E9F570B29A67B9900E0CDCA /* Products */ = {
			isa = PBXGroup;
			children = (
				1E9F570A29A67B9900E0CDCA /* setting.app */,
				1E9F571A29A67B9A00E0CDCA /* settingTests.xctest */,
				1E9F572429A67B9A00E0CDCA /* settingUITests.xctest */,
			);
			name = Products;
			sourceTree = "<group>";
		};
		1E9F570C29A67B9900E0CDCA /* setting */ = {
			isa = PBXGroup;
			children = (
				1E9F570D29A67B9900E0CDCA /* settingApp.swift */,
				1E9F570F29A67B9900E0CDCA /* ContentView.swift */,
				1E9F571129A67B9A00E0CDCA /* Assets.xcassets */,
				1E9F571329A67B9A00E0CDCA /* Preview Content */,
			);
			path = setting;
			sourceTree = "<group>";
		};
		1E9F571329A67B9A00E0CDCA /* Preview Content */ = {
			isa = PBXGroup;
			children = (
				1E9F571429A67B9A00E0CDCA /* Preview Assets.xcassets */,
			);
			path = "Preview Content";
			sourceTree = "<group>";
		};
		1E9F571D29A67B9A00E0CDCA /* settingTests */ = {
			isa = PBXGroup;
			children = (
				1E9F571E29A67B9A00E0CDCA /* settingTests.swift */,
			);
			path = settingTests;
			sourceTree = "<group>";
		};
		1E9F572729A67B9A00E0CDCA /* settingUITests */ = {
			isa = PBXGroup;
			children = (
				1E9F572829A67B9A00E0CDCA /* settingUITests.swift */,
				1E9F572A29A67B9A00E0CDCA /* settingUITestsLaunchTests.swift */,
			);
			path = settingUITests;
			sourceTree = "<group>";
		};
/* End PBXGroup section */

/* Begin PBXNativeTarget section */
		1E9F570929A67B9900E0CDCA /* setting */ = {
			isa = PBXNativeTarget;
			buildConfigurationList = 1E9F572E29A67B9A00E0CDCA /* Build configuration list for PBXNativeTarget "setting" */;
			buildPhases = (
				1E9F570629A67B9900E0CDCA /* Sources */,
				1E9F570729A67B9900E0CDCA /* Frameworks */,
				1E9F570829A67B9900E0CDCA /* Resources */,
			);
			buildRules = (
			);
			dependencies = (
			);
			name = setting;
			productName = setting;
			productReference = 1E9F570A29A67B9900E0CDCA /* setting.app */;
			productType = "com.apple.product-type.application";
		};
		1E9F571929A67B9A00E0CDCA /* settingTests */ = {
			isa = PBXNativeTarget;
			buildConfigurationList = 1E9F573129A67B9A00E0CDCA /* Build configuration list for PBXNativeTarget "settingTests" */;
			buildPhases = (
				1E9F571629A67B9A00E0CDCA /* Sources */,
				1E9F571729A67B9A00E0CDCA /* Frameworks */,
				1E9F571829A67B9A00E0CDCA /* Resources */,
			);
			buildRules = (
			);
			dependencies = (
				1E9F571C29A67B9A00E0CDCA /* PBXTargetDependency */,
			);
			name = settingTests;
			productName = settingTests;
			productReference = 1E9F571A29A67B9A00E0CDCA /* settingTests.xctest */;
			productType = "com.apple.product-type.bundle.unit-test";
		};
		1E9F572329A67B9A00E0CDCA /* settingUITests */ = {
			isa = PBXNativeTarget;
			buildConfigurationList = 1E9F573429A67B9A00E0CDCA /* Build configuration list for PBXNativeTarget "settingUITests" */;
			buildPhases = (
				1E9F572029A67B9A00E0CDCA /* Sources */,
				1E9F572129A67B9A00E0CDCA /* Frameworks */,
				1E9F572229A67B9A00E0CDCA /* Resources */,
			);
			buildRules = (
			);
			dependencies = (
				1E9F572629A67B9A00E0CDCA /* PBXTargetDependency */,
			);
			name = settingUITests;
			productName = settingUITests;
			productReference = 1E9F572429A67B9A00E0CDCA /* settingUITests.xctest */;
			productType = "com.apple.product-type.bundle.ui-testing";
		};
/* End PBXNativeTarget section */

/* Begin PBXProject section */
		1E9F570229A67B9900E0CDCA /* Project object */ = {
			isa = PBXProject;
			attributes = {
				BuildIndependentTargetsInParallel = 1;
				LastSwiftUpdateCheck = 1420;
				LastUpgradeCheck = 1420;
				TargetAttributes = {
					1E9F570929A67B9900E0CDCA = {
						CreatedOnToolsVersion = 14.2;
					};
					1E9F571929A67B9A00E0CDCA = {
						CreatedOnToolsVersion = 14.2;
						TestTargetID = 1E9F570929A67B9900E0CDCA;
					};
					1E9F572329A67B9A00E0CDCA = {
						CreatedOnToolsVersion = 14.2;
						TestTargetID = 1E9F570929A67B9900E0CDCA;
					};
				};
			};
			buildConfigurationList = 1E9F570529A67B9900E0CDCA /* Build configuration list for PBXProject "setting" */;
			compatibilityVersion = "Xcode 14.0";
			developmentRegion = en;
			hasScannedForEncodings = 0;
			knownRegions = (
				en,
				Base,
			);
			mainGroup = 1E9F570129A67B9900E0CDCA;
			productRefGroup = 1E9F570B29A67B9900E0CDCA /* Products */;
			projectDirPath = "";
			projectRoot = "";
			targets = (
				1E9F570929A67B9900E0CDCA /* setting */,
				1E9F571929A67B9A00E0CDCA /* settingTests */,
				1E9F572329A67B9A00E0CDCA /* settingUITests */,
			);
		};
/* End PBXProject section */

/* Begin PBXResourcesBuildPhase section */
		1E9F570829A67B9900E0CDCA /* Resources */ = {
			isa = PBXResourcesBuildPhase;
			buildActionMask = 2147483647;
			files = (
				1E9F571529A67B9A00E0CDCA /* Preview Assets.xcassets in Resources */,
				1E9F571229A67B9A00E0CDCA /* Assets.xcassets in Resources */,
			);
			runOnlyForDeploymentPostprocessing = 0;
		};
		1E9F571829A67B9A00E0CDCA /* Resources */ = {
			isa = PBXResourcesBuildPhase;
			buildActionMask = 2147483647;
			files = (
			);
			runOnlyForDeploymentPostprocessing = 0;
		};
		1E9F572229A67B9A00E0CDCA /* Resources */ = {
			isa = PBXResourcesBuildPhase;
			buildActionMask = 2147483647;
			files = (
			);
			runOnlyForDeploymentPostprocessing = 0;
		};
/* End PBXResourcesBuildPhase section */

/* Begin PBXSourcesBuildPhase section */
		1E9F570629A67B9900E0CDCA /* Sources */ = {
			isa = PBXSourcesBuildPhase;
			buildActionMask = 2147483647;
			files = (
				1E9F571029A67B9900E0CDCA /* ContentView.swift in Sources */,
				1E9F570E29A67B9900E0CDCA /* settingApp.swift in Sources */,
			);
			runOnlyForDeploymentPostprocessing = 0;
		};
		1E9F571629A67B9A00E0CDCA /* Sources */ = {
			isa = PBXSourcesBuildPhase;
			buildActionMask = 2147483647;
			files = (
				1E9F571F29A67B9A00E0CDCA /* settingTests.swift in Sources */,
			);
			runOnlyForDeploymentPostprocessing = 0;
		};
		1E9F572029A67B9A00E0CDCA /* Sources */ = {
			isa = PBXSourcesBuildPhase;
			buildActionMask = 2147483647;
			files = (
				1E9F572929A67B9A00E0CDCA /* settingUITests.swift in Sources */,
				1E9F572B29A67B9A00E0CDCA /* settingUITestsLaunchTests.swift in Sources */,
			);
			runOnlyForDeploymentPostprocessing = 0;
		};
/* End PBXSourcesBuildPhase section */

/* Begin PBXTargetDependency section */
		1E9F571C29A67B9A00E0CDCA /* PBXTargetDependency */ = {
			isa = PBXTargetDependency;
			target = 1E9F570929A67B9900E0CDCA /* setting */;
			targetProxy = 1E9F571B29A67B9A00E0CDCA /* PBXContainerItemProxy */;
		};
		1E9F572629A67B9A00E0CDCA /* PBXTargetDependency */ = {
			isa = PBXTargetDependency;
			target = 1E9F570929A67B9900E0CDCA /* setting */;
			targetProxy = 1E9F572529A67B9A00E0CDCA /* PBXContainerItemProxy */;
		};
/* End PBXTargetDependency section */

/* Begin XCBuildConfiguration section */
		1E9F572C29A67B9A00E0CDCA /* Debug */ = {
			isa = XCBuildConfiguration;
			buildSettings = {
				ALWAYS_SEARCH_USER_PATHS = NO;
				CLANG_ANALYZER_NONNULL = YES;
				CLANG_ANALYZER_NUMBER_OBJECT_CONVERSION = YES_AGGRESSIVE;
				CLANG_CXX_LANGUAGE_STANDARD = "gnu++20";
				CLANG_ENABLE_MODULES = YES;
				CLANG_ENABLE_OBJC_ARC = YES;
				CLANG_ENABLE_OBJC_WEAK = YES;
				CLANG_WARN_BLOCK_CAPTURE_AUTORELEASING = YES;
				CLANG_WARN_BOOL_CONVERSION = YES;
				CLANG_WARN_COMMA = YES;
				CLANG_WARN_CONSTANT_CONVERSION = YES;
				CLANG_WARN_DEPRECATED_OBJC_IMPLEMENTATIONS = YES;
				CLANG_WARN_DIRECT_OBJC_ISA_USAGE = YES_ERROR;
				CLANG_WARN_DOCUMENTATION_COMMENTS = YES;
				CLANG_WARN_EMPTY_BODY = YES;
				CLANG_WARN_ENUM_CONVERSION = YES;
				CLANG_WARN_INFINITE_RECURSION = YES;
				CLANG_WARN_INT_CONVERSION = YES;
				CLANG_WARN_NON_LITERAL_NULL_CONVERSION = YES;
				CLANG_WARN_OBJC_IMPLICIT_RETAIN_SELF = YES;
				CLANG_WARN_OBJC_LITERAL_CONVERSION = YES;
				CLANG_WARN_OBJC_ROOT_CLASS = YES_ERROR;
				CLANG_WARN_QUOTED_INCLUDE_IN_FRAMEWORK_HEADER = YES;
				CLANG_WARN_RANGE_LOOP_ANALYSIS = YES;
				CLANG_WARN_STRICT_PROTOTYPES = YES;
				CLANG_WARN_SUSPICIOUS_MOVE = YES;
				CLANG_WARN_UNGUARDED_AVAILABILITY = YES_AGGRESSIVE;
				CLANG_WARN_UNREACHABLE_CODE = YES;
				CLANG_WARN__DUPLICATE_METHOD_MATCH = YES;
				COPY_PHASE_STRIP = NO;
				DEBUG_INFORMATION_FORMAT = dwarf;
				ENABLE_STRICT_OBJC_MSGSEND = YES;
				ENABLE_TESTABILITY = YES;
				GCC_C_LANGUAGE_STANDARD = gnu11;
				GCC_DYNAMIC_NO_PIC = NO;
				GCC_NO_COMMON_BLOCKS = YES;
				GCC_OPTIMIZATION_LEVEL = 0;
				GCC_PREPROCESSOR_DEFINITIONS = (
					"DEBUG=1",
					"$(inherited)",
				);
				GCC_WARN_64_TO_32_BIT_CONVERSION = YES;
				GCC_WARN_ABOUT_RETURN_TYPE = YES_ERROR;
				GCC_WARN_UNDECLARED_SELECTOR = YES;
				GCC_WARN_UNINITIALIZED_AUTOS = YES_AGGRESSIVE;
				GCC_WARN_UNUSED_FUNCTION = YES;
				GCC_WARN_UNUSED_VARIABLE = YES;
				IPHONEOS_DEPLOYMENT_TARGET = 16.2;
				MTL_ENABLE_DEBUG_INFO = INCLUDE_SOURCE;
				MTL_FAST_MATH = YES;
				ONLY_ACTIVE_ARCH = YES;
				SDKROOT = iphoneos;
				SWIFT_ACTIVE_COMPILATION_CONDITIONS = DEBUG;
				SWIFT_OPTIMIZATION_LEVEL = "-Onone";
			};
			name = Debug;
		};
		1E9F572D29A67B9A00E0CDCA /* Release */ = {
			isa = XCBuildConfiguration;
			buildSettings = {
				ALWAYS_SEARCH_USER_PATHS = NO;
				CLANG_ANALYZER_NONNULL = YES;
				CLANG_ANALYZER_NUMBER_OBJECT_CONVERSION = YES_AGGRESSIVE;
				CLANG_CXX_LANGUAGE_STANDARD = "gnu++20";
				CLANG_ENABLE_MODULES = YES;
				CLANG_ENABLE_OBJC_ARC = YES;
				CLANG_ENABLE_OBJC_WEAK = YES;
				CLANG_WARN_BLOCK_CAPTURE_AUTORELEASING = YES;
				CLANG_WARN_BOOL_CONVERSION = YES;
				CLANG_WARN_COMMA = YES;
				CLANG_WARN_CONSTANT_CONVERSION = YES;
				CLANG_WARN_DEPRECATED_OBJC_IMPLEMENTATIONS = YES;
				CLANG_WARN_DIRECT_OBJC_ISA_USAGE = YES_ERROR;
				CLANG_WARN_DOCUMENTATION_COMMENTS = YES;
				CLANG_WARN_EMPTY_BODY = YES;
				CLANG_WARN_ENUM_CONVERSION = YES;
				CLANG_WARN_INFINITE_RECURSION = YES;
				CLANG_WARN_INT_CONVERSION = YES;
				CLANG_WARN_NON_LITERAL_NULL_CONVERSION = YES;
				CLANG_WARN_OBJC_IMPLICIT_RETAIN_SELF = YES;
				CLANG_WARN_OBJC_LITERAL_CONVERSION = YES;
				CLANG_WARN_OBJC_ROOT_CLASS = YES_ERROR;
				CLANG_WARN_QUOTED_INCLUDE_IN_FRAMEWORK_HEADER = YES;
				CLANG_WARN_RANGE_LOOP_ANALYSIS = YES;
				CLANG_WARN_STRICT_PROTOTYPES = YES;
				CLANG_WARN_SUSPICIOUS_MOVE = YES;
				CLANG_WARN_UNGUARDED_AVAILABILITY = YES_AGGRESSIVE;
				CLANG_WARN_UNREACHABLE_CODE = YES;
				CLANG_WARN__DUPLICATE_METHOD_MATCH = YES;
				COPY_PHASE_STRIP = NO;
				DEBUG_INFORMATION_FORMAT = "dwarf-with-dsym";
				ENABLE_NS_ASSERTIONS = NO;
				ENABLE_STRICT_OBJC_MSGSEND = YES;
				GCC_C_LANGUAGE_STANDARD = gnu11;
				GCC_NO_COMMON_BLOCKS = YES;
				GCC_WARN_64_TO_32_BIT_CONVERSION = YES;
				GCC_WARN_ABOUT_RETURN_TYPE = YES_ERROR;
				GCC_WARN_UNDECLARED_SELECTOR = YES;
				GCC_WARN_UNINITIALIZED_AUTOS = YES_AGGRESSIVE;
				GCC_WARN_UNUSED_FUNCTION = YES;
				GCC_WARN_UNUSED_VARIABLE = YES;
				IPHONEOS_DEPLOYMENT_TARGET = 16.2;
				MTL_ENABLE_DEBUG_INFO = NO;
				MTL_FAST_MATH = YES;
				SDKROOT = iphoneos;
				SWIFT_COMPILATION_MODE = wholemodule;
				SWIFT_OPTIMIZATION_LEVEL = "-O";
				VALIDATE_PRODUCT = YES;
			};
			name = Release;
		};
		1E9F572F29A67B9A00E0CDCA /* Debug */ = {
			isa = XCBuildConfiguration;
			buildSettings = {
				ASSETCATALOG_COMPILER_APPICON_NAME = AppIcon;
				ASSETCATALOG_COMPILER_GLOBAL_ACCENT_COLOR_NAME = AccentColor;
				CODE_SIGN_STYLE = Automatic;
				CURRENT_PROJECT_VERSION = 1;
				DEVELOPMENT_ASSET_PATHS = "\"setting/Preview Content\"";
				ENABLE_PREVIEWS = YES;
				GENERATE_INFOPLIST_FILE = YES;
				INFOPLIST_KEY_UIApplicationSceneManifest_Generation = YES;
				INFOPLIST_KEY_UIApplicationSupportsIndirectInputEvents = YES;
				INFOPLIST_KEY_UILaunchScreen_Generation = YES;
				INFOPLIST_KEY_UISupportedInterfaceOrientations_iPad = "UIInterfaceOrientationPortrait UIInterfaceOrientationPortraitUpsideDown UIInterfaceOrientationLandscapeLeft UIInterfaceOrientationLandscapeRight";
				INFOPLIST_KEY_UISupportedInterfaceOrientations_iPhone = "UIInterfaceOrientationPortrait UIInterfaceOrientationLandscapeLeft UIInterfaceOrientationLandscapeRight";
				LD_RUNPATH_SEARCH_PATHS = (
					"$(inherited)",
					"@executable_path/Frameworks",
				);
				MARKETING_VERSION = 1.0;
				PRODUCT_BUNDLE_IDENTIFIER = demo.setting;
				PRODUCT_NAME = "$(TARGET_NAME)";
				SWIFT_EMIT_LOC_STRINGS = YES;
				SWIFT_VERSION = 5.0;
				TARGETED_DEVICE_FAMILY = "1,2";
			};
			name = Debug;
		};
		1E9F573029A67B9A00E0CDCA /* Release */ = {
			isa = XCBuildConfiguration;
			buildSettings = {
				ASSETCATALOG_COMPILER_APPICON_NAME = AppIcon;
				ASSETCATALOG_COMPILER_GLOBAL_ACCENT_COLOR_NAME = AccentColor;
				CODE_SIGN_STYLE = Automatic;
				CURRENT_PROJECT_VERSION = 1;
				DEVELOPMENT_ASSET_PATHS = "\"setting/Preview Content\"";
				ENABLE_PREVIEWS = YES;
				GENERATE_INFOPLIST_FILE = YES;
				INFOPLIST_KEY_UIApplicationSceneManifest_Generation = YES;
				INFOPLIST_KEY_UIApplicationSupportsIndirectInputEvents = YES;
				INFOPLIST_KEY_UILaunchScreen_Generation = YES;
				INFOPLIST_KEY_UISupportedInterfaceOrientations_iPad = "UIInterfaceOrientationPortrait UIInterfaceOrientationPortraitUpsideDown UIInterfaceOrientationLandscapeLeft UIInterfaceOrientationLandscapeRight";
				INFOPLIST_KEY_UISupportedInterfaceOrientations_iPhone = "UIInterfaceOrientationPortrait UIInterfaceOrientationLandscapeLeft UIInterfaceOrientationLandscapeRight";
				LD_RUNPATH_SEARCH_PATHS = (
					"$(inherited)",
					"@executable_path/Frameworks",
				);
				MARKETING_VERSION = 1.0;
				PRODUCT_BUNDLE_IDENTIFIER = demo.setting;
				PRODUCT_NAME = "$(TARGET_NAME)";
				SWIFT_EMIT_LOC_STRINGS = YES;
				SWIFT_VERSION = 5.0;
				TARGETED_DEVICE_FAMILY = "1,2";
			};
			name = Release;
		};
		1E9F573229A67B9A00E0CDCA /* Debug */ = {
			isa = XCBuildConfiguration;
			buildSettings = {
				ALWAYS_EMBED_SWIFT_STANDARD_LIBRARIES = YES;
				BUNDLE_LOADER = "$(TEST_HOST)";
				CODE_SIGN_STYLE = Automatic;
				CURRENT_PROJECT_VERSION = 1;
				GENERATE_INFOPLIST_FILE = YES;
				IPHONEOS_DEPLOYMENT_TARGET = 16.2;
				MARKETING_VERSION = 1.0;
				PRODUCT_BUNDLE_IDENTIFIER = demo.settingTests;
				PRODUCT_NAME = "$(TARGET_NAME)";
				SWIFT_EMIT_LOC_STRINGS = NO;
				SWIFT_VERSION = 5.0;
				TARGETED_DEVICE_FAMILY = "1,2";
				TEST_HOST = "$(BUILT_PRODUCTS_DIR)/setting.app/$(BUNDLE_EXECUTABLE_FOLDER_PATH)/setting";
			};
			name = Debug;
		};
		1E9F573329A67B9A00E0CDCA /* Release */ = {
			isa = XCBuildConfiguration;
			buildSettings = {
				ALWAYS_EMBED_SWIFT_STANDARD_LIBRARIES = YES;
				BUNDLE_LOADER = "$(TEST_HOST)";
				CODE_SIGN_STYLE = Automatic;
				CURRENT_PROJECT_VERSION = 1;
				GENERATE_INFOPLIST_FILE = YES;
				IPHONEOS_DEPLOYMENT_TARGET = 16.2;
				MARKETING_VERSION = 1.0;
				PRODUCT_BUNDLE_IDENTIFIER = demo.settingTests;
				PRODUCT_NAME = "$(TARGET_NAME)";
				SWIFT_EMIT_LOC_STRINGS = NO;
				SWIFT_VERSION = 5.0;
				TARGETED_DEVICE_FAMILY = "1,2";
				TEST_HOST = "$(BUILT_PRODUCTS_DIR)/setting.app/$(BUNDLE_EXECUTABLE_FOLDER_PATH)/setting";
			};
			name = Release;
		};
		1E9F573529A67B9A00E0CDCA /* Debug */ = {
			isa = XCBuildConfiguration;
			buildSettings = {
				ALWAYS_EMBED_SWIFT_STANDARD_LIBRARIES = YES;
				CODE_SIGN_STYLE = Automatic;
				CURRENT_PROJECT_VERSION = 1;
				GENERATE_INFOPLIST_FILE = YES;
				MARKETING_VERSION = 1.0;
				PRODUCT_BUNDLE_IDENTIFIER = demo.settingUITests;
				PRODUCT_NAME = "$(TARGET_NAME)";
				SWIFT_EMIT_LOC_STRINGS = NO;
				SWIFT_VERSION = 5.0;
				TARGETED_DEVICE_FAMILY = "1,2";
				TEST_TARGET_NAME = setting;
			};
			name = Debug;
		};
		1E9F573629A67B9A00E0CDCA /* Release */ = {
			isa = XCBuildConfiguration;
			buildSettings = {
				ALWAYS_EMBED_SWIFT_STANDARD_LIBRARIES = YES;
				CODE_SIGN_STYLE = Automatic;
				CURRENT_PROJECT_VERSION = 1;
				GENERATE_INFOPLIST_FILE = YES;
				MARKETING_VERSION = 1.0;
				PRODUCT_BUNDLE_IDENTIFIER = demo.settingUITests;
				PRODUCT_NAME = "$(TARGET_NAME)";
				SWIFT_EMIT_LOC_STRINGS = NO;
				SWIFT_VERSION = 5.0;
				TARGETED_DEVICE_FAMILY = "1,2";
				TEST_TARGET_NAME = setting;
			};
			name = Release;
		};
/* End XCBuildConfiguration section */

/* Begin XCConfigurationList section */
		1E9F570529A67B9900E0CDCA /* Build configuration list for PBXProject "setting" */ = {
			isa = XCConfigurationList;
			buildConfigurations = (
				1E9F572C29A67B9A00E0CDCA /* Debug */,
				1E9F572D29A67B9A00E0CDCA /* Release */,
			);
			defaultConfigurationIsVisible = 0;
			defaultConfigurationName = Release;
		};
		1E9F572E29A67B9A00E0CDCA /* Build configuration list for PBXNativeTarget "setting" */ = {
			isa = XCConfigurationList;
			buildConfigurations = (
				1E9F572F29A67B9A00E0CDCA /* Debug */,
				1E9F573029A67B9A00E0CDCA /* Release */,
			);
			defaultConfigurationIsVisible = 0;
			defaultConfigurationName = Release;
		};
		1E9F573129A67B9A00E0CDCA /* Build configuration list for PBXNativeTarget "settingTests" */ = {
			isa = XCConfigurationList;
			buildConfigurations = (
				1E9F573229A67B9A00E0CDCA /* Debug */,
				1E9F573329A67B9A00E0CDCA /* Release */,
			);
			defaultConfigurationIsVisible = 0;
			defaultConfigurationName = Release;
		};
		1E9F573429A67B9A00E0CDCA /* Build configuration list for PBXNativeTarget "settingUITests" */ = {
			isa = XCConfigurationList;
			buildConfigurations = (
				1E9F573529A67B9A00E0CDCA /* Debug */,
				1E9F573629A67B9A00E0CDCA /* Release */,
			);
			defaultConfigurationIsVisible = 0;
			defaultConfigurationName = Release;
		};
/* End XCConfigurationList section */
	};
	rootObject = 1E9F570229A67B9900E0CDCA /* Project object */;
}
